
Microsoft Visual Studio Solution File, Format Version 12.00
# Visual Studio 15
VisualStudioVersion = 15.0.26124.0
MinimumVisualStudioVersion = 15.0.26124.0
Project("{2150E333-8FDC-42A3-9474-1A3956D46DE8}") = "src", "src", "{24586C20-602F-4A30-85F5-E1DF1A18C7BF}"
EndProject
Project("{FAE04EC0-301F-11D3-BF4B-00C04F79EFBC}") = "Ecommerce.API", "src\Ecommerce.API\Ecommerce.API.csproj", "{7DD30360-F555-46A6-8923-064271C38553}"
EndProject
Project("{2150E333-8FDC-42A3-9474-1A3956D46DE8}") = "test", "test", "{C43604CD-DA0E-42CA-AB23-36DBF513A4D2}"
EndProject
Project("{FAE04EC0-301F-11D3-BF4B-00C04F79EFBC}") = "Ecommerce.API.Test", "test\Ecommerce.API.Test\Ecommerce.API.Test.csproj", "{A3E1EDA9-60E9-4ADC-8A37-4023ADB58724}"
EndProject
Project("{FAE04EC0-301F-11D3-BF4B-00C04F79EFBC}") = "Ecommerce.API.IntegrationTest", "test\Ecommerce.API.IntegrationTest\Ecommerce.API.IntegrationTest.csproj", "{6E2F7C89-27F4-4DCF-B091-5C82130F5DE9}"
EndProject
Global
	GlobalSection(SolutionConfigurationPlatforms) = preSolution
		Debug|Any CPU = Debug|Any CPU
		Debug|x64 = Debug|x64
		Debug|x86 = Debug|x86
		Release|Any CPU = Release|Any CPU
		Release|x64 = Release|x64
		Release|x86 = Release|x86
	EndGlobalSection
	GlobalSection(SolutionProperties) = preSolution
		HideSolutionNode = FALSE
	EndGlobalSection
	GlobalSection(ProjectConfigurationPlatforms) = postSolution
		{7DD30360-F555-46A6-8923-064271C38553}.Debug|Any CPU.ActiveCfg = Debug|Any CPU
		{7DD30360-F555-46A6-8923-064271C38553}.Debug|Any CPU.Build.0 = Debug|Any CPU
		{7DD30360-F555-46A6-8923-064271C38553}.Debug|x64.ActiveCfg = Debug|Any CPU
		{7DD30360-F555-46A6-8923-064271C38553}.Debug|x64.Build.0 = Debug|Any CPU
		{7DD30360-F555-46A6-8923-064271C38553}.Debug|x86.ActiveCfg = Debug|Any CPU
		{7DD30360-F555-46A6-8923-064271C38553}.Debug|x86.Build.0 = Debug|Any CPU
		{7DD30360-F555-46A6-8923-064271C38553}.Release|Any CPU.ActiveCfg = Release|Any CPU
		{7DD30360-F555-46A6-8923-064271C38553}.Release|Any CPU.Build.0 = Release|Any CPU
		{7DD30360-F555-46A6-8923-064271C38553}.Release|x64.ActiveCfg = Release|Any CPU
		{7DD30360-F555-46A6-8923-064271C38553}.Release|x64.Build.0 = Release|Any CPU
		{7DD30360-F555-46A6-8923-064271C38553}.Release|x86.ActiveCfg = Release|Any CPU
		{7DD30360-F555-46A6-8923-064271C38553}.Release|x86.Build.0 = Release|Any CPU
		{A3E1EDA9-60E9-4ADC-8A37-4023ADB58724}.Debug|Any CPU.ActiveCfg = Debug|Any CPU
		{A3E1EDA9-60E9-4ADC-8A37-4023ADB58724}.Debug|Any CPU.Build.0 = Debug|Any CPU
		{A3E1EDA9-60E9-4ADC-8A37-4023ADB58724}.Debug|x64.ActiveCfg = Debug|Any CPU
		{A3E1EDA9-60E9-4ADC-8A37-4023ADB58724}.Debug|x64.Build.0 = Debug|Any CPU
		{A3E1EDA9-60E9-4ADC-8A37-4023ADB58724}.Debug|x86.ActiveCfg = Debug|Any CPU
		{A3E1EDA9-60E9-4ADC-8A37-4023ADB58724}.Debug|x86.Build.0 = Debug|Any CPU
		{A3E1EDA9-60E9-4ADC-8A37-4023ADB58724}.Release|Any CPU.ActiveCfg = Release|Any CPU
		{A3E1EDA9-60E9-4ADC-8A37-4023ADB58724}.Release|Any CPU.Build.0 = Release|Any CPU
		{A3E1EDA9-60E9-4ADC-8A37-4023ADB58724}.Release|x64.ActiveCfg = Release|Any CPU
		{A3E1EDA9-60E9-4ADC-8A37-4023ADB58724}.Release|x64.Build.0 = Release|Any CPU
		{A3E1EDA9-60E9-4ADC-8A37-4023ADB58724}.Release|x86.ActiveCfg = Release|Any CPU
		{A3E1EDA9-60E9-4ADC-8A37-4023ADB58724}.Release|x86.Build.0 = Release|Any CPU
		{6E2F7C89-27F4-4DCF-B091-5C82130F5DE9}.Debug|Any CPU.ActiveCfg = Debug|Any CPU
		{6E2F7C89-27F4-4DCF-B091-5C82130F5DE9}.Debug|Any CPU.Build.0 = Debug|Any CPU
		{6E2F7C89-27F4-4DCF-B091-5C82130F5DE9}.Debug|x64.ActiveCfg = Debug|Any CPU
		{6E2F7C89-27F4-4DCF-B091-5C82130F5DE9}.Debug|x64.Build.0 = Debug|Any CPU
		{6E2F7C89-27F4-4DCF-B091-5C82130F5DE9}.Debug|x86.ActiveCfg = Debug|Any CPU
		{6E2F7C89-27F4-4DCF-B091-5C82130F5DE9}.Debug|x86.Build.0 = Debug|Any CPU
		{6E2F7C89-27F4-4DCF-B091-5C82130F5DE9}.Release|Any CPU.ActiveCfg = Release|Any CPU
		{6E2F7C89-27F4-4DCF-B091-5C82130F5DE9}.Release|Any CPU.Build.0 = Release|Any CPU
		{6E2F7C89-27F4-4DCF-B091-5C82130F5DE9}.Release|x64.ActiveCfg = Release|Any CPU
		{6E2F7C89-27F4-4DCF-B091-5C82130F5DE9}.Release|x64.Build.0 = Release|Any CPU
		{6E2F7C89-27F4-4DCF-B091-5C82130F5DE9}.Release|x86.ActiveCfg = Release|Any CPU
		{6E2F7C89-27F4-4DCF-B091-5C82130F5DE9}.Release|x86.Build.0 = Release|Any CPU
	EndGlobalSection
	GlobalSection(NestedProjects) = preSolution
		{7DD30360-F555-46A6-8923-064271C38553} = {24586C20-602F-4A30-85F5-E1DF1A18C7BF}
		{A3E1EDA9-60E9-4ADC-8A37-4023ADB58724} = {C43604CD-DA0E-42CA-AB23-36DBF513A4D2}
		{6E2F7C89-27F4-4DCF-B091-5C82130F5DE9} = {C43604CD-DA0E-42CA-AB23-36DBF513A4D2}
	EndGlobalSection
EndGlobal
